<?xml version="1.0" encoding="UTF-8"?>
<CodeBlocks_project_file>
	<FileVersion major="1" minor="6"/>
	<Project>
		<Option title="cpp-primer"/>
		<Option makefile_is_custom="1"/>
		<Option compiler="gcc"/>
		<Option virtualFolders="CMake Files\;"/>
		<Build>
			<Target title="all">
				<Option working_dir="/Users/fatu/dev/github/fatu/cpp-primer"/>
				<Option type="4"/>
				<MakeCommands>
					<Build command="/usr/bin/make -f &quot;/Users/fatu/dev/github/fatu/cpp-primer/Makefile&quot;  VERBOSE=1 all"/>
					<CompileFile command="/usr/bin/make -f &quot;/Users/fatu/dev/github/fatu/cpp-primer/Makefile&quot;  VERBOSE=1 &quot;$file&quot;"/>
					<Clean command="/usr/bin/make -f &quot;/Users/fatu/dev/github/fatu/cpp-primer/Makefile&quot;  VERBOSE=1 clean"/>
					<DistClean command="/usr/bin/make -f &quot;/Users/fatu/dev/github/fatu/cpp-primer/Makefile&quot;  VERBOSE=1 clean"/>
				</MakeCommands>
			</Target>
			<Target title="rebuild_cache">
				<Option working_dir="/Users/fatu/dev/github/fatu/cpp-primer"/>
				<Option type="4"/>
				<MakeCommands>
					<Build command="/usr/bin/make -f &quot;/Users/fatu/dev/github/fatu/cpp-primer/Makefile&quot;  VERBOSE=1 rebuild_cache"/>
					<CompileFile command="/usr/bin/make -f &quot;/Users/fatu/dev/github/fatu/cpp-primer/Makefile&quot;  VERBOSE=1 &quot;$file&quot;"/>
					<Clean command="/usr/bin/make -f &quot;/Users/fatu/dev/github/fatu/cpp-primer/Makefile&quot;  VERBOSE=1 clean"/>
					<DistClean command="/usr/bin/make -f &quot;/Users/fatu/dev/github/fatu/cpp-primer/Makefile&quot;  VERBOSE=1 clean"/>
				</MakeCommands>
			</Target>
			<Target title="edit_cache">
				<Option working_dir="/Users/fatu/dev/github/fatu/cpp-primer"/>
				<Option type="4"/>
				<MakeCommands>
					<Build command="/usr/bin/make -f &quot;/Users/fatu/dev/github/fatu/cpp-primer/Makefile&quot;  VERBOSE=1 edit_cache"/>
					<CompileFile command="/usr/bin/make -f &quot;/Users/fatu/dev/github/fatu/cpp-primer/Makefile&quot;  VERBOSE=1 &quot;$file&quot;"/>
					<Clean command="/usr/bin/make -f &quot;/Users/fatu/dev/github/fatu/cpp-primer/Makefile&quot;  VERBOSE=1 clean"/>
					<DistClean command="/usr/bin/make -f &quot;/Users/fatu/dev/github/fatu/cpp-primer/Makefile&quot;  VERBOSE=1 clean"/>
				</MakeCommands>
			</Target>
			<Target title="iterator">
				<Option output="/Users/fatu/dev/github/fatu/cpp-primer/iterator" prefix_auto="0" extension_auto="0"/>
				<Option working_dir="/Users/fatu/dev/github/fatu/cpp-primer"/>
				<Option object_output="./"/>
				<Option type="1"/>
				<Option compiler="gcc"/>
				<Compiler/>
				<MakeCommands>
					<Build command="/usr/bin/make -f &quot;/Users/fatu/dev/github/fatu/cpp-primer/Makefile&quot;  VERBOSE=1 iterator"/>
					<CompileFile command="/usr/bin/make -f &quot;/Users/fatu/dev/github/fatu/cpp-primer/Makefile&quot;  VERBOSE=1 &quot;$file&quot;"/>
					<Clean command="/usr/bin/make -f &quot;/Users/fatu/dev/github/fatu/cpp-primer/Makefile&quot;  VERBOSE=1 clean"/>
					<DistClean command="/usr/bin/make -f &quot;/Users/fatu/dev/github/fatu/cpp-primer/Makefile&quot;  VERBOSE=1 clean"/>
				</MakeCommands>
			</Target>
			<Target title="iterator/fast">
				<Option output="/Users/fatu/dev/github/fatu/cpp-primer/iterator" prefix_auto="0" extension_auto="0"/>
				<Option working_dir="/Users/fatu/dev/github/fatu/cpp-primer"/>
				<Option object_output="./"/>
				<Option type="1"/>
				<Option compiler="gcc"/>
				<Compiler/>
				<MakeCommands>
					<Build command="/usr/bin/make -f &quot;/Users/fatu/dev/github/fatu/cpp-primer/Makefile&quot;  VERBOSE=1 iterator/fast"/>
					<CompileFile command="/usr/bin/make -f &quot;/Users/fatu/dev/github/fatu/cpp-primer/Makefile&quot;  VERBOSE=1 &quot;$file&quot;"/>
					<Clean command="/usr/bin/make -f &quot;/Users/fatu/dev/github/fatu/cpp-primer/Makefile&quot;  VERBOSE=1 clean"/>
					<DistClean command="/usr/bin/make -f &quot;/Users/fatu/dev/github/fatu/cpp-primer/Makefile&quot;  VERBOSE=1 clean"/>
				</MakeCommands>
			</Target>
		</Build>
		<Unit filename="/Users/fatu/dev/github/fatu/cpp-primer/source/ch3/arrays.cpp">
			<Option target="iterator"/>
		</Unit>
		<Unit filename="/Users/fatu/dev/github/fatu/cpp-primer/CMakeLists.txt">
			<Option virtualFolder="CMake Files\"/>
		</Unit>
	</Project>
</CodeBlocks_project_file>
